
Microsoft Visual Studio Solution File, Format Version 12.00
# Visual Studio 15
VisualStudioVersion = 15.0.28307.421
MinimumVisualStudioVersion = 10.0.40219.1
Project("{9A19103F-16F7-4668-BE54-9A1E7A4F7556}") = "TcpClientLib", "TcpClientLib\TcpClientLib.csproj", "{E679A55F-CE08-4F85-978A-9E9CA8B2D53B}"
EndProject
Project("{FAE04EC0-301F-11D3-BF4B-00C04F79EFBC}") = "WindowsForms", "WindowsForms\WindowsForms.csproj", "{ACC78FED-6821-4FA0-98DE-1D280D8BCAE5}"
EndProject
Project("{FAE04EC0-301F-11D3-BF4B-00C04F79EFBC}") = "ClientConsole", "ClientConsole\ClientConsole.csproj", "{CDD6093D-B2E0-41BF-84A7-D935481E2D4B}"
EndProject
Project("{FAE04EC0-301F-11D3-BF4B-00C04F79EFBC}") = "ServerConsole", "ServerConsole\ServerConsole.csproj", "{97C8EBEF-7E01-4480-A2D8-498A1B2882D1}"
EndProject
Project("{2150E333-8FDC-42A3-9474-1A3956D46DE8}") = "XamarinForms", "XamarinForms", "{14011ACB-8462-4E36-BC50-8912A1F3D0FB}"
EndProject
Project("{D954291E-2A0B-460D-934E-DC6B0785DB48}") = "TcpClientMobileApp", "XamarinForms\TcpClientMobileApp\TcpClientMobileApp.shproj", "{7DA902C6-D495-414B-A868-30B27E3F70E5}"
EndProject
Project("{FAE04EC0-301F-11D3-BF4B-00C04F79EFBC}") = "TcpClientMobileApp.Android", "XamarinForms\TcpClientMobileApp.Android\TcpClientMobileApp.Android.csproj", "{24CE3C36-16B9-426D-AA0C-5961ECF8D88C}"
EndProject
Project("{FAE04EC0-301F-11D3-BF4B-00C04F79EFBC}") = "TcpClientMobileApp.UWP", "XamarinForms\TcpClientMobileApp.UWP\TcpClientMobileApp.UWP.csproj", "{D3AE0A86-5C0D-409A-BAD0-BF2B6D64FDE2}"
EndProject
Global
	GlobalSection(SharedMSBuildProjectFiles) = preSolution
		XamarinForms\TcpClientMobileApp\TcpClientMobileApp.projitems*{24ce3c36-16b9-426d-aa0c-5961ecf8d88c}*SharedItemsImports = 4
		XamarinForms\TcpClientMobileApp\TcpClientMobileApp.projitems*{7da902c6-d495-414b-a868-30b27e3f70e5}*SharedItemsImports = 13
		XamarinForms\TcpClientMobileApp\TcpClientMobileApp.projitems*{d3ae0a86-5c0d-409a-bad0-bf2b6d64fde2}*SharedItemsImports = 4
	EndGlobalSection
	GlobalSection(SolutionConfigurationPlatforms) = preSolution
		Debug|Any CPU = Debug|Any CPU
		Debug|ARM = Debug|ARM
		Debug|x64 = Debug|x64
		Debug|x86 = Debug|x86
		Release|Any CPU = Release|Any CPU
		Release|ARM = Release|ARM
		Release|x64 = Release|x64
		Release|x86 = Release|x86
	EndGlobalSection
	GlobalSection(ProjectConfigurationPlatforms) = postSolution
		{E679A55F-CE08-4F85-978A-9E9CA8B2D53B}.Debug|Any CPU.ActiveCfg = Debug|Any CPU
		{E679A55F-CE08-4F85-978A-9E9CA8B2D53B}.Debug|Any CPU.Build.0 = Debug|Any CPU
		{E679A55F-CE08-4F85-978A-9E9CA8B2D53B}.Debug|ARM.ActiveCfg = Debug|Any CPU
		{E679A55F-CE08-4F85-978A-9E9CA8B2D53B}.Debug|ARM.Build.0 = Debug|Any CPU
		{E679A55F-CE08-4F85-978A-9E9CA8B2D53B}.Debug|x64.ActiveCfg = Debug|Any CPU
		{E679A55F-CE08-4F85-978A-9E9CA8B2D53B}.Debug|x64.Build.0 = Debug|Any CPU
		{E679A55F-CE08-4F85-978A-9E9CA8B2D53B}.Debug|x86.ActiveCfg = Debug|Any CPU
		{E679A55F-CE08-4F85-978A-9E9CA8B2D53B}.Debug|x86.Build.0 = Debug|Any CPU
		{E679A55F-CE08-4F85-978A-9E9CA8B2D53B}.Release|Any CPU.ActiveCfg = Release|Any CPU
		{E679A55F-CE08-4F85-978A-9E9CA8B2D53B}.Release|Any CPU.Build.0 = Release|Any CPU
		{E679A55F-CE08-4F85-978A-9E9CA8B2D53B}.Release|ARM.ActiveCfg = Release|Any CPU
		{E679A55F-CE08-4F85-978A-9E9CA8B2D53B}.Release|ARM.Build.0 = Release|Any CPU
		{E679A55F-CE08-4F85-978A-9E9CA8B2D53B}.Release|x64.ActiveCfg = Release|Any CPU
		{E679A55F-CE08-4F85-978A-9E9CA8B2D53B}.Release|x64.Build.0 = Release|Any CPU
		{E679A55F-CE08-4F85-978A-9E9CA8B2D53B}.Release|x86.ActiveCfg = Release|Any CPU
		{E679A55F-CE08-4F85-978A-9E9CA8B2D53B}.Release|x86.Build.0 = Release|Any CPU
		{ACC78FED-6821-4FA0-98DE-1D280D8BCAE5}.Debug|Any CPU.ActiveCfg = Debug|Any CPU
		{ACC78FED-6821-4FA0-98DE-1D280D8BCAE5}.Debug|Any CPU.Build.0 = Debug|Any CPU
		{ACC78FED-6821-4FA0-98DE-1D280D8BCAE5}.Debug|ARM.ActiveCfg = Debug|Any CPU
		{ACC78FED-6821-4FA0-98DE-1D280D8BCAE5}.Debug|ARM.Build.0 = Debug|Any CPU
		{ACC78FED-6821-4FA0-98DE-1D280D8BCAE5}.Debug|x64.ActiveCfg = Debug|Any CPU
		{ACC78FED-6821-4FA0-98DE-1D280D8BCAE5}.Debug|x64.Build.0 = Debug|Any CPU
		{ACC78FED-6821-4FA0-98DE-1D280D8BCAE5}.Debug|x86.ActiveCfg = Debug|Any CPU
		{ACC78FED-6821-4FA0-98DE-1D280D8BCAE5}.Debug|x86.Build.0 = Debug|Any CPU
		{ACC78FED-6821-4FA0-98DE-1D280D8BCAE5}.Release|Any CPU.ActiveCfg = Release|Any CPU
		{ACC78FED-6821-4FA0-98DE-1D280D8BCAE5}.Release|Any CPU.Build.0 = Release|Any CPU
		{ACC78FED-6821-4FA0-98DE-1D280D8BCAE5}.Release|ARM.ActiveCfg = Release|Any CPU
		{ACC78FED-6821-4FA0-98DE-1D280D8BCAE5}.Release|ARM.Build.0 = Release|Any CPU
		{ACC78FED-6821-4FA0-98DE-1D280D8BCAE5}.Release|x64.ActiveCfg = Release|Any CPU
		{ACC78FED-6821-4FA0-98DE-1D280D8BCAE5}.Release|x64.Build.0 = Release|Any CPU
		{ACC78FED-6821-4FA0-98DE-1D280D8BCAE5}.Release|x86.ActiveCfg = Release|Any CPU
		{ACC78FED-6821-4FA0-98DE-1D280D8BCAE5}.Release|x86.Build.0 = Release|Any CPU
		{CDD6093D-B2E0-41BF-84A7-D935481E2D4B}.Debug|Any CPU.ActiveCfg = Debug|Any CPU
		{CDD6093D-B2E0-41BF-84A7-D935481E2D4B}.Debug|Any CPU.Build.0 = Debug|Any CPU
		{CDD6093D-B2E0-41BF-84A7-D935481E2D4B}.Debug|ARM.ActiveCfg = Debug|Any CPU
		{CDD6093D-B2E0-41BF-84A7-D935481E2D4B}.Debug|ARM.Build.0 = Debug|Any CPU
		{CDD6093D-B2E0-41BF-84A7-D935481E2D4B}.Debug|x64.ActiveCfg = Debug|Any CPU
		{CDD6093D-B2E0-41BF-84A7-D935481E2D4B}.Debug|x64.Build.0 = Debug|Any CPU
		{CDD6093D-B2E0-41BF-84A7-D935481E2D4B}.Debug|x86.ActiveCfg = Debug|Any CPU
		{CDD6093D-B2E0-41BF-84A7-D935481E2D4B}.Debug|x86.Build.0 = Debug|Any CPU
		{CDD6093D-B2E0-41BF-84A7-D935481E2D4B}.Release|Any CPU.ActiveCfg = Release|Any CPU
		{CDD6093D-B2E0-41BF-84A7-D935481E2D4B}.Release|Any CPU.Build.0 = Release|Any CPU
		{CDD6093D-B2E0-41BF-84A7-D935481E2D4B}.Release|ARM.ActiveCfg = Release|Any CPU
		{CDD6093D-B2E0-41BF-84A7-D935481E2D4B}.Release|ARM.Build.0 = Release|Any CPU
		{CDD6093D-B2E0-41BF-84A7-D935481E2D4B}.Release|x64.ActiveCfg = Release|Any CPU
		{CDD6093D-B2E0-41BF-84A7-D935481E2D4B}.Release|x64.Build.0 = Release|Any CPU
		{CDD6093D-B2E0-41BF-84A7-D935481E2D4B}.Release|x86.ActiveCfg = Release|Any CPU
		{CDD6093D-B2E0-41BF-84A7-D935481E2D4B}.Release|x86.Build.0 = Release|Any CPU
		{97C8EBEF-7E01-4480-A2D8-498A1B2882D1}.Debug|Any CPU.ActiveCfg = Debug|Any CPU
		{97C8EBEF-7E01-4480-A2D8-498A1B2882D1}.Debug|Any CPU.Build.0 = Debug|Any CPU
		{97C8EBEF-7E01-4480-A2D8-498A1B2882D1}.Debug|ARM.ActiveCfg = Debug|Any CPU
		{97C8EBEF-7E01-4480-A2D8-498A1B2882D1}.Debug|ARM.Build.0 = Debug|Any CPU
		{97C8EBEF-7E01-4480-A2D8-498A1B2882D1}.Debug|x64.ActiveCfg = Debug|Any CPU
		{97C8EBEF-7E01-4480-A2D8-498A1B2882D1}.Debug|x64.Build.0 = Debug|Any CPU
		{97C8EBEF-7E01-4480-A2D8-498A1B2882D1}.Debug|x86.ActiveCfg = Debug|Any CPU
		{97C8EBEF-7E01-4480-A2D8-498A1B2882D1}.Debug|x86.Build.0 = Debug|Any CPU
		{97C8EBEF-7E01-4480-A2D8-498A1B2882D1}.Release|Any CPU.ActiveCfg = Release|Any CPU
		{97C8EBEF-7E01-4480-A2D8-498A1B2882D1}.Release|Any CPU.Build.0 = Release|Any CPU
		{97C8EBEF-7E01-4480-A2D8-498A1B2882D1}.Release|ARM.ActiveCfg = Release|Any CPU
		{97C8EBEF-7E01-4480-A2D8-498A1B2882D1}.Release|ARM.Build.0 = Release|Any CPU
		{97C8EBEF-7E01-4480-A2D8-498A1B2882D1}.Release|x64.ActiveCfg = Release|Any CPU
		{97C8EBEF-7E01-4480-A2D8-498A1B2882D1}.Release|x64.Build.0 = Release|Any CPU
		{97C8EBEF-7E01-4480-A2D8-498A1B2882D1}.Release|x86.ActiveCfg = Release|Any CPU
		{97C8EBEF-7E01-4480-A2D8-498A1B2882D1}.Release|x86.Build.0 = Release|Any CPU
		{24CE3C36-16B9-426D-AA0C-5961ECF8D88C}.Debug|Any CPU.ActiveCfg = Debug|Any CPU
		{24CE3C36-16B9-426D-AA0C-5961ECF8D88C}.Debug|Any CPU.Build.0 = Debug|Any CPU
		{24CE3C36-16B9-426D-AA0C-5961ECF8D88C}.Debug|Any CPU.Deploy.0 = Debug|Any CPU
		{24CE3C36-16B9-426D-AA0C-5961ECF8D88C}.Debug|ARM.ActiveCfg = Debug|Any CPU
		{24CE3C36-16B9-426D-AA0C-5961ECF8D88C}.Debug|ARM.Build.0 = Debug|Any CPU
		{24CE3C36-16B9-426D-AA0C-5961ECF8D88C}.Debug|ARM.Deploy.0 = Debug|Any CPU
		{24CE3C36-16B9-426D-AA0C-5961ECF8D88C}.Debug|x64.ActiveCfg = Debug|Any CPU
		{24CE3C36-16B9-426D-AA0C-5961ECF8D88C}.Debug|x64.Build.0 = Debug|Any CPU
		{24CE3C36-16B9-426D-AA0C-5961ECF8D88C}.Debug|x64.Deploy.0 = Debug|Any CPU
		{24CE3C36-16B9-426D-AA0C-5961ECF8D88C}.Debug|x86.ActiveCfg = Debug|Any CPU
		{24CE3C36-16B9-426D-AA0C-5961ECF8D88C}.Debug|x86.Build.0 = Debug|Any CPU
		{24CE3C36-16B9-426D-AA0C-5961ECF8D88C}.Debug|x86.Deploy.0 = Debug|Any CPU
		{24CE3C36-16B9-426D-AA0C-5961ECF8D88C}.Release|Any CPU.ActiveCfg = Release|Any CPU
		{24CE3C36-16B9-426D-AA0C-5961ECF8D88C}.Release|Any CPU.Build.0 = Release|Any CPU
		{24CE3C36-16B9-426D-AA0C-5961ECF8D88C}.Release|Any CPU.Deploy.0 = Release|Any CPU
		{24CE3C36-16B9-426D-AA0C-5961ECF8D88C}.Release|ARM.ActiveCfg = Release|Any CPU
		{24CE3C36-16B9-426D-AA0C-5961ECF8D88C}.Release|ARM.Build.0 = Release|Any CPU
		{24CE3C36-16B9-426D-AA0C-5961ECF8D88C}.Release|ARM.Deploy.0 = Release|Any CPU
		{24CE3C36-16B9-426D-AA0C-5961ECF8D88C}.Release|x64.ActiveCfg = Release|Any CPU
		{24CE3C36-16B9-426D-AA0C-5961ECF8D88C}.Release|x64.Build.0 = Release|Any CPU
		{24CE3C36-16B9-426D-AA0C-5961ECF8D88C}.Release|x64.Deploy.0 = Release|Any CPU
		{24CE3C36-16B9-426D-AA0C-5961ECF8D88C}.Release|x86.ActiveCfg = Release|Any CPU
		{24CE3C36-16B9-426D-AA0C-5961ECF8D88C}.Release|x86.Build.0 = Release|Any CPU
		{24CE3C36-16B9-426D-AA0C-5961ECF8D88C}.Release|x86.Deploy.0 = Release|Any CPU
		{D3AE0A86-5C0D-409A-BAD0-BF2B6D64FDE2}.Debug|Any CPU.ActiveCfg = Debug|x86
		{D3AE0A86-5C0D-409A-BAD0-BF2B6D64FDE2}.Debug|ARM.ActiveCfg = Debug|ARM
		{D3AE0A86-5C0D-409A-BAD0-BF2B6D64FDE2}.Debug|ARM.Build.0 = Debug|ARM
		{D3AE0A86-5C0D-409A-BAD0-BF2B6D64FDE2}.Debug|ARM.Deploy.0 = Debug|ARM
		{D3AE0A86-5C0D-409A-BAD0-BF2B6D64FDE2}.Debug|x64.ActiveCfg = Debug|x64
		{D3AE0A86-5C0D-409A-BAD0-BF2B6D64FDE2}.Debug|x64.Build.0 = Debug|x64
		{D3AE0A86-5C0D-409A-BAD0-BF2B6D64FDE2}.Debug|x64.Deploy.0 = Debug|x64
		{D3AE0A86-5C0D-409A-BAD0-BF2B6D64FDE2}.Debug|x86.ActiveCfg = Debug|x86
		{D3AE0A86-5C0D-409A-BAD0-BF2B6D64FDE2}.Debug|x86.Build.0 = Debug|x86
		{D3AE0A86-5C0D-409A-BAD0-BF2B6D64FDE2}.Debug|x86.Deploy.0 = Debug|x86
		{D3AE0A86-5C0D-409A-BAD0-BF2B6D64FDE2}.Release|Any CPU.ActiveCfg = Release|x86
		{D3AE0A86-5C0D-409A-BAD0-BF2B6D64FDE2}.Release|ARM.ActiveCfg = Release|ARM
		{D3AE0A86-5C0D-409A-BAD0-BF2B6D64FDE2}.Release|ARM.Build.0 = Release|ARM
		{D3AE0A86-5C0D-409A-BAD0-BF2B6D64FDE2}.Release|ARM.Deploy.0 = Release|ARM
		{D3AE0A86-5C0D-409A-BAD0-BF2B6D64FDE2}.Release|x64.ActiveCfg = Release|x64
		{D3AE0A86-5C0D-409A-BAD0-BF2B6D64FDE2}.Release|x64.Build.0 = Release|x64
		{D3AE0A86-5C0D-409A-BAD0-BF2B6D64FDE2}.Release|x64.Deploy.0 = Release|x64
		{D3AE0A86-5C0D-409A-BAD0-BF2B6D64FDE2}.Release|x86.ActiveCfg = Release|x86
		{D3AE0A86-5C0D-409A-BAD0-BF2B6D64FDE2}.Release|x86.Build.0 = Release|x86
		{D3AE0A86-5C0D-409A-BAD0-BF2B6D64FDE2}.Release|x86.Deploy.0 = Release|x86
	EndGlobalSection
	GlobalSection(SolutionProperties) = preSolution
		HideSolutionNode = FALSE
	EndGlobalSection
	GlobalSection(NestedProjects) = preSolution
		{7DA902C6-D495-414B-A868-30B27E3F70E5} = {14011ACB-8462-4E36-BC50-8912A1F3D0FB}
		{24CE3C36-16B9-426D-AA0C-5961ECF8D88C} = {14011ACB-8462-4E36-BC50-8912A1F3D0FB}
		{D3AE0A86-5C0D-409A-BAD0-BF2B6D64FDE2} = {14011ACB-8462-4E36-BC50-8912A1F3D0FB}
	EndGlobalSection
	GlobalSection(ExtensibilityGlobals) = postSolution
		SolutionGuid = {7C248BF8-0519-4A59-AD0E-C9FCC9D5359E}
	EndGlobalSection
EndGlobal
